
Microsoft Visual Studio Solution File, Format Version 12.00
# Visual Studio Version 16
VisualStudioVersion = 16.0.31402.337
MinimumVisualStudioVersion = 10.0.40219.1
Project("{9A19103F-16F7-4668-BE54-9A1E7A4F7556}") = "SBA-BACKEND", "SBA-BACKEND\SBA-BACKEND.csproj", "{8E9E2145-6197-41FB-85DF-7558376A7511}"
EndProject
Project("{FAE04EC0-301F-11D3-BF4B-00C04F79EFBC}") = "SBA-BACKEND.Test", "SBA-BACKEND.Test\SBA-BACKEND.Test.csproj", "{9CD3640D-0E34-41B3-BE64-CA84727D8A26}"
EndProject
Global
	GlobalSection(SolutionConfigurationPlatforms) = preSolution
		Debug|Any CPU = Debug|Any CPU
		Release|Any CPU = Release|Any CPU
	EndGlobalSection
	GlobalSection(ProjectConfigurationPlatforms) = postSolution
		{8E9E2145-6197-41FB-85DF-7558376A7511}.Debug|Any CPU.ActiveCfg = Debug|Any CPU
		{8E9E2145-6197-41FB-85DF-7558376A7511}.Debug|Any CPU.Build.0 = Debug|Any CPU
		{8E9E2145-6197-41FB-85DF-7558376A7511}.Release|Any CPU.ActiveCfg = Release|Any CPU
		{8E9E2145-6197-41FB-85DF-7558376A7511}.Release|Any CPU.Build.0 = Release|Any CPU
		{9CD3640D-0E34-41B3-BE64-CA84727D8A26}.Debug|Any CPU.ActiveCfg = Debug|Any CPU
		{9CD3640D-0E34-41B3-BE64-CA84727D8A26}.Debug|Any CPU.Build.0 = Debug|Any CPU
		{9CD3640D-0E34-41B3-BE64-CA84727D8A26}.Release|Any CPU.ActiveCfg = Release|Any CPU
		{9CD3640D-0E34-41B3-BE64-CA84727D8A26}.Release|Any CPU.Build.0 = Release|Any CPU
	EndGlobalSection
	GlobalSection(SolutionProperties) = preSolution
		HideSolutionNode = FALSE
	EndGlobalSection
	GlobalSection(ExtensibilityGlobals) = postSolution
		SolutionGuid = {BBC5991D-3C67-4B0B-A321-D99D105B3276}
	EndGlobalSection
EndGlobal
